
Microsoft Visual Studio Solution File, Format Version 12.00
# Visual Studio Version 16
VisualStudioVersion = 16.0.30406.217
MinimumVisualStudioVersion = 10.0.40219.1
Project("{FAE04EC0-301F-11D3-BF4B-00C04F79EFBC}") = "APPOceanicAzores.Android", "APPOceanicAzores\APPOceanicAzores.Android\APPOceanicAzores.Android.csproj", "{833BD5E8-D717-494B-AA70-C756E78E1FA2}"
EndProject
Project("{FAE04EC0-301F-11D3-BF4B-00C04F79EFBC}") = "APPOceanicAzores.iOS", "APPOceanicAzores\APPOceanicAzores.iOS\APPOceanicAzores.iOS.csproj", "{A92DF704-0CFF-4506-B660-09351E81D9EF}"
EndProject
Project("{FAE04EC0-301F-11D3-BF4B-00C04F79EFBC}") = "APPOceanicAzores", "APPOceanicAzores\APPOceanicAzores\APPOceanicAzores.csproj", "{7F7917D9-99A4-4FC1-A286-21EDEFA6C573}"
EndProject
Global
	GlobalSection(SolutionConfigurationPlatforms) = preSolution
		Debug|Any CPU = Debug|Any CPU
		Debug|iPhone = Debug|iPhone
		Debug|iPhoneSimulator = Debug|iPhoneSimulator
		Release|Any CPU = Release|Any CPU
		Release|iPhone = Release|iPhone
		Release|iPhoneSimulator = Release|iPhoneSimulator
	EndGlobalSection
	GlobalSection(ProjectConfigurationPlatforms) = postSolution
		{833BD5E8-D717-494B-AA70-C756E78E1FA2}.Debug|Any CPU.ActiveCfg = Debug|Any CPU
		{833BD5E8-D717-494B-AA70-C756E78E1FA2}.Debug|Any CPU.Build.0 = Debug|Any CPU
		{833BD5E8-D717-494B-AA70-C756E78E1FA2}.Debug|Any CPU.Deploy.0 = Debug|Any CPU
		{833BD5E8-D717-494B-AA70-C756E78E1FA2}.Debug|iPhone.ActiveCfg = Debug|Any CPU
		{833BD5E8-D717-494B-AA70-C756E78E1FA2}.Debug|iPhone.Build.0 = Debug|Any CPU
		{833BD5E8-D717-494B-AA70-C756E78E1FA2}.Debug|iPhone.Deploy.0 = Debug|Any CPU
		{833BD5E8-D717-494B-AA70-C756E78E1FA2}.Debug|iPhoneSimulator.ActiveCfg = Debug|Any CPU
		{833BD5E8-D717-494B-AA70-C756E78E1FA2}.Debug|iPhoneSimulator.Build.0 = Debug|Any CPU
		{833BD5E8-D717-494B-AA70-C756E78E1FA2}.Debug|iPhoneSimulator.Deploy.0 = Debug|Any CPU
		{833BD5E8-D717-494B-AA70-C756E78E1FA2}.Release|Any CPU.ActiveCfg = Release|Any CPU
		{833BD5E8-D717-494B-AA70-C756E78E1FA2}.Release|Any CPU.Build.0 = Release|Any CPU
		{833BD5E8-D717-494B-AA70-C756E78E1FA2}.Release|Any CPU.Deploy.0 = Release|Any CPU
		{833BD5E8-D717-494B-AA70-C756E78E1FA2}.Release|iPhone.ActiveCfg = Release|Any CPU
		{833BD5E8-D717-494B-AA70-C756E78E1FA2}.Release|iPhone.Build.0 = Release|Any CPU
		{833BD5E8-D717-494B-AA70-C756E78E1FA2}.Release|iPhone.Deploy.0 = Release|Any CPU
		{833BD5E8-D717-494B-AA70-C756E78E1FA2}.Release|iPhoneSimulator.ActiveCfg = Release|Any CPU
		{833BD5E8-D717-494B-AA70-C756E78E1FA2}.Release|iPhoneSimulator.Build.0 = Release|Any CPU
		{833BD5E8-D717-494B-AA70-C756E78E1FA2}.Release|iPhoneSimulator.Deploy.0 = Release|Any CPU
		{A92DF704-0CFF-4506-B660-09351E81D9EF}.Debug|Any CPU.ActiveCfg = Debug|iPhone
		{A92DF704-0CFF-4506-B660-09351E81D9EF}.Debug|Any CPU.Deploy.0 = Debug|iPhone
		{A92DF704-0CFF-4506-B660-09351E81D9EF}.Debug|iPhone.ActiveCfg = Debug|iPhone
		{A92DF704-0CFF-4506-B660-09351E81D9EF}.Debug|iPhone.Build.0 = Debug|iPhone
		{A92DF704-0CFF-4506-B660-09351E81D9EF}.Debug|iPhone.Deploy.0 = Debug|iPhone
		{A92DF704-0CFF-4506-B660-09351E81D9EF}.Debug|iPhoneSimulator.ActiveCfg = Debug|iPhoneSimulator
		{A92DF704-0CFF-4506-B660-09351E81D9EF}.Debug|iPhoneSimulator.Build.0 = Debug|iPhoneSimulator
		{A92DF704-0CFF-4506-B660-09351E81D9EF}.Debug|iPhoneSimulator.Deploy.0 = Debug|iPhoneSimulator
		{A92DF704-0CFF-4506-B660-09351E81D9EF}.Release|Any CPU.ActiveCfg = Release|iPhone
		{A92DF704-0CFF-4506-B660-09351E81D9EF}.Release|Any CPU.Build.0 = Release|iPhone
		{A92DF704-0CFF-4506-B660-09351E81D9EF}.Release|Any CPU.Deploy.0 = Release|iPhone
		{A92DF704-0CFF-4506-B660-09351E81D9EF}.Release|iPhone.ActiveCfg = Release|iPhone
		{A92DF704-0CFF-4506-B660-09351E81D9EF}.Release|iPhone.Build.0 = Release|iPhone
		{A92DF704-0CFF-4506-B660-09351E81D9EF}.Release|iPhone.Deploy.0 = Release|iPhone
		{A92DF704-0CFF-4506-B660-09351E81D9EF}.Release|iPhoneSimulator.ActiveCfg = Release|iPhoneSimulator
		{A92DF704-0CFF-4506-B660-09351E81D9EF}.Release|iPhoneSimulator.Build.0 = Release|iPhoneSimulator
		{A92DF704-0CFF-4506-B660-09351E81D9EF}.Release|iPhoneSimulator.Deploy.0 = Release|iPhoneSimulator
		{7F7917D9-99A4-4FC1-A286-21EDEFA6C573}.Debug|Any CPU.ActiveCfg = Debug|Any CPU
		{7F7917D9-99A4-4FC1-A286-21EDEFA6C573}.Debug|Any CPU.Build.0 = Debug|Any CPU
		{7F7917D9-99A4-4FC1-A286-21EDEFA6C573}.Debug|Any CPU.Deploy.0 = Debug|Any CPU
		{7F7917D9-99A4-4FC1-A286-21EDEFA6C573}.Debug|iPhone.ActiveCfg = Debug|Any CPU
		{7F7917D9-99A4-4FC1-A286-21EDEFA6C573}.Debug|iPhone.Build.0 = Debug|Any CPU
		{7F7917D9-99A4-4FC1-A286-21EDEFA6C573}.Debug|iPhone.Deploy.0 = Debug|Any CPU
		{7F7917D9-99A4-4FC1-A286-21EDEFA6C573}.Debug|iPhoneSimulator.ActiveCfg = Debug|Any CPU
		{7F7917D9-99A4-4FC1-A286-21EDEFA6C573}.Debug|iPhoneSimulator.Build.0 = Debug|Any CPU
		{7F7917D9-99A4-4FC1-A286-21EDEFA6C573}.Debug|iPhoneSimulator.Deploy.0 = Debug|Any CPU
		{7F7917D9-99A4-4FC1-A286-21EDEFA6C573}.Release|Any CPU.ActiveCfg = Release|Any CPU
		{7F7917D9-99A4-4FC1-A286-21EDEFA6C573}.Release|Any CPU.Build.0 = Release|Any CPU
		{7F7917D9-99A4-4FC1-A286-21EDEFA6C573}.Release|Any CPU.Deploy.0 = Release|Any CPU
		{7F7917D9-99A4-4FC1-A286-21EDEFA6C573}.Release|iPhone.ActiveCfg = Release|Any CPU
		{7F7917D9-99A4-4FC1-A286-21EDEFA6C573}.Release|iPhone.Build.0 = Release|Any CPU
		{7F7917D9-99A4-4FC1-A286-21EDEFA6C573}.Release|iPhone.Deploy.0 = Release|Any CPU
		{7F7917D9-99A4-4FC1-A286-21EDEFA6C573}.Release|iPhoneSimulator.ActiveCfg = Release|Any CPU
		{7F7917D9-99A4-4FC1-A286-21EDEFA6C573}.Release|iPhoneSimulator.Build.0 = Release|Any CPU
		{7F7917D9-99A4-4FC1-A286-21EDEFA6C573}.Release|iPhoneSimulator.Deploy.0 = Release|Any CPU
	EndGlobalSection
	GlobalSection(SolutionProperties) = preSolution
		HideSolutionNode = FALSE
	EndGlobalSection
	GlobalSection(ExtensibilityGlobals) = postSolution
		SolutionGuid = {619D00A0-561C-4DAE-893A-2C3E021D7EAB}
	EndGlobalSection
EndGlobal
